// !$*UTF8*$!
{
	archiveVersion = 1;
	classes = {
	};
	objectVersion = 46;
	objects = {

/* Begin PBXBuildFile section */
		92DFDF0A1A9C6C23003174CC /* main.m in Sources */ = {isa = PBXBuildFile; fileRef = 92DFDF091A9C6C23003174CC /* main.m */; };
		92DFDF0D1A9C6C23003174CC /* AppDelegate.m in Sources */ = {isa = PBXBuildFile; fileRef = 92DFDF0C1A9C6C23003174CC /* AppDelegate.m */; };
		92DFDF101A9C6C23003174CC /* ViewController.m in Sources */ = {isa = PBXBuildFile; fileRef = 92DFDF0F1A9C6C23003174CC /* ViewController.m */; };
		92DFDF131A9C6C23003174CC /* Main.storyboard in Resources */ = {isa = PBXBuildFile; fileRef = 92DFDF111A9C6C23003174CC /* Main.storyboard */; };
		92DFDF151A9C6C23003174CC /* Images.xcassets in Resources */ = {isa = PBXBuildFile; fileRef = 92DFDF141A9C6C23003174CC /* Images.xcassets */; };
		92DFDF181A9C6C23003174CC /* LaunchScreen.xib in Resources */ = {isa = PBXBuildFile; fileRef = 92DFDF161A9C6C23003174CC /* LaunchScreen.xib */; };
		92DFDF241A9C6C23003174CC /* Git_TestTests.m in Sources */ = {isa = PBXBuildFile; fileRef = 92DFDF231A9C6C23003174CC /* Git_TestTests.m */; };
		92DFDF2F1A9C7A2A003174CC /* CCTest.m in Sources */ = {isa = PBXBuildFile; fileRef = 92DFDF2E1A9C7A2A003174CC /* CCTest.m */; };
/* End PBXBuildFile section */

/* Begin PBXContainerItemProxy section */
		92DFDF1E1A9C6C23003174CC /* PBXContainerItemProxy */ = {
			isa = PBXContainerItemProxy;
			containerPortal = 92DFDEFC1A9C6C23003174CC /* Project object */;
			proxyType = 1;
			remoteGlobalIDString = 92DFDF031A9C6C23003174CC;
			remoteInfo = "Git Test";
		};
/* End PBXContainerItemProxy section */

/* Begin PBXFileReference section */
		92DFDF041A9C6C23003174CC /* Git Test.app */ = {isa = PBXFileReference; explicitFileType = wrapper.application; includeInIndex = 0; path = "Git Test.app"; sourceTree = BUILT_PRODUCTS_DIR; };
		92DFDF081A9C6C23003174CC /* Info.plist */ = {isa = PBXFileReference; lastKnownFileType = text.plist.xml; path = Info.plist; sourceTree = "<group>"; };
		92DFDF091A9C6C23003174CC /* main.m */ = {isa = PBXFileReference; lastKnownFileType = sourcecode.c.objc; path = main.m; sourceTree = "<group>"; };
		92DFDF0B1A9C6C23003174CC /* AppDelegate.h */ = {isa = PBXFileReference; lastKnownFileType = sourcecode.c.h; path = AppDelegate.h; sourceTree = "<group>"; };
		92DFDF0C1A9C6C23003174CC /* AppDelegate.m */ = {isa = PBXFileReference; lastKnownFileType = sourcecode.c.objc; path = AppDelegate.m; sourceTree = "<group>"; };
		92DFDF0E1A9C6C23003174CC /* ViewController.h */ = {isa = PBXFileReference; lastKnownFileType = sourcecode.c.h; path = ViewController.h; sourceTree = "<group>"; };
		92DFDF0F1A9C6C23003174CC /* ViewController.m */ = {isa = PBXFileReference; lastKnownFileType = sourcecode.c.objc; path = ViewController.m; sourceTree = "<group>"; };
		92DFDF121A9C6C23003174CC /* Base */ = {isa = PBXFileReference; lastKnownFileType = file.storyboard; name = Base; path = Base.lproj/Main.storyboard; sourceTree = "<group>"; };
		92DFDF141A9C6C23003174CC /* Images.xcassets */ = {isa = PBXFileReference; lastKnownFileType = folder.assetcatalog; path = Images.xcassets; sourceTree = "<group>"; };
		92DFDF171A9C6C23003174CC /* Base */ = {isa = PBXFileReference; lastKnownFileType = file.xib; name = Base; path = Base.lproj/LaunchScreen.xib; sourceTree = "<group>"; };
		92DFDF1D1A9C6C23003174CC /* Git TestTests.xctest */ = {isa = PBXFileReference; explicitFileType = wrapper.cfbundle; includeInIndex = 0; path = "Git TestTests.xctest"; sourceTree = BUILT_PRODUCTS_DIR; };
		92DFDF221A9C6C23003174CC /* Info.plist */ = {isa = PBXFileReference; lastKnownFileType = text.plist.xml; path = Info.plist; sourceTree = "<group>"; };
		92DFDF231A9C6C23003174CC /* Git_TestTests.m */ = {isa = PBXFileReference; lastKnownFileType = sourcecode.c.objc; path = Git_TestTests.m; sourceTree = "<group>"; };
		92DFDF2D1A9C7A2A003174CC /* CCTest.h */ = {isa = PBXFileReference; fileEncoding = 4; lastKnownFileType = sourcecode.c.h; path = CCTest.h; sourceTree = "<group>"; };
		92DFDF2E1A9C7A2A003174CC /* CCTest.m */ = {isa = PBXFileReference; fileEncoding = 4; lastKnownFileType = sourcecode.c.objc; path = CCTest.m; sourceTree = "<group>"; };
/* End PBXFileReference section */

/* Begin PBXFrameworksBuildPhase section */
		92DFDF011A9C6C23003174CC /* Frameworks */ = {
			isa = PBXFrameworksBuildPhase;
			buildActionMask = 2147483647;
			files = (
			);
			runOnlyForDeploymentPostprocessing = 0;
		};
		92DFDF1A1A9C6C23003174CC /* Frameworks */ = {
			isa = PBXFrameworksBuildPhase;
			buildActionMask = 2147483647;
			files = (
			);
			runOnlyForDeploymentPostprocessing = 0;
		};
/* End PBXFrameworksBuildPhase section */

/* Begin PBXGroup section */
		92DFDEFB1A9C6C23003174CC = {
			isa = PBXGroup;
			children = (
				92DFDF061A9C6C23003174CC /* Git Test */,
				92DFDF201A9C6C23003174CC /* Git TestTests */,
				92DFDF051A9C6C23003174CC /* Products */,
			);
			sourceTree = "<group>";
		};
		92DFDF051A9C6C23003174CC /* Products */ = {
			isa = PBXGroup;
			children = (
				92DFDF041A9C6C23003174CC /* Git Test.app */,
				92DFDF1D1A9C6C23003174CC /* Git TestTests.xctest */,
			);
			name = Products;
			sourceTree = "<group>";
		};
		92DFDF061A9C6C23003174CC /* Git Test */ = {
			isa = PBXGroup;
			children = (
				92DFDF0B1A9C6C23003174CC /* AppDelegate.h */,
				92DFDF0C1A9C6C23003174CC /* AppDelegate.m */,
				92DFDF0E1A9C6C23003174CC /* ViewController.h */,
				92DFDF0F1A9C6C23003174CC /* ViewController.m */,
				92DFDF2D1A9C7A2A003174CC /* CCTest.h */,
				92DFDF2E1A9C7A2A003174CC /* CCTest.m */,
				92DFDF111A9C6C23003174CC /* Main.storyboard */,
				92DFDF141A9C6C23003174CC /* Images.xcassets */,
				92DFDF161A9C6C23003174CC /* LaunchScreen.xib */,
				92DFDF071A9C6C23003174CC /* Supporting Files */,
			);
			path = "Git Test";
			sourceTree = "<group>";
		};
		92DFDF071A9C6C23003174CC /* Supporting Files */ = {
			isa = PBXGroup;
			children = (
				92DFDF081A9C6C23003174CC /* Info.plist */,
				92DFDF091A9C6C23003174CC /* main.m */,
			);
			name = "Supporting Files";
			sourceTree = "<group>";
		};
		92DFDF201A9C6C23003174CC /* Git TestTests */ = {
			isa = PBXGroup;
			children = (
				92DFDF231A9C6C23003174CC /* Git_TestTests.m */,
				92DFDF211A9C6C23003174CC /* Supporting Files */,
			);
			path = "Git TestTests";
			sourceTree = "<group>";
		};
		92DFDF211A9C6C23003174CC /* Supporting Files */ = {
			isa = PBXGroup;
			children = (
				92DFDF221A9C6C23003174CC /* Info.plist */,
			);
			name = "Supporting Files";
			sourceTree = "<group>";
		};
/* End PBXGroup section */

/* Begin PBXNativeTarget section */
		92DFDF031A9C6C23003174CC /* Git Test */ = {
			isa = PBXNativeTarget;
			buildConfigurationList = 92DFDF271A9C6C23003174CC /* Build configuration list for PBXNativeTarget "Git Test" */;
			buildPhases = (
				92DFDF001A9C6C23003174CC /* Sources */,
				92DFDF011A9C6C23003174CC /* Frameworks */,
				92DFDF021A9C6C23003174CC /* Resources */,
			);
			buildRules = (
			);
			dependencies = (
			);
			name = "Git Test";
			productName = "Git Test";
			productReference = 92DFDF041A9C6C23003174CC /* Git Test.app */;
			productType = "com.apple.product-type.application";
		};
		92DFDF1C1A9C6C23003174CC /* Git TestTests */ = {
			isa = PBXNativeTarget;
			buildConfigurationList = 92DFDF2A1A9C6C23003174CC /* Build configuration list for PBXNativeTarget "Git TestTests" */;
			buildPhases = (
				92DFDF191A9C6C23003174CC /* Sources */,
				92DFDF1A1A9C6C23003174CC /* Frameworks */,
				92DFDF1B1A9C6C23003174CC /* Resources */,
			);
			buildRules = (
			);
			dependencies = (
				92DFDF1F1A9C6C23003174CC /* PBXTargetDependency */,
			);
			name = "Git TestTests";
			productName = "Git TestTests";
			productReference = 92DFDF1D1A9C6C23003174CC /* Git TestTests.xctest */;
			productType = "com.apple.product-type.bundle.unit-test";
		};
/* End PBXNativeTarget section */

/* Begin PBXProject section */
		92DFDEFC1A9C6C23003174CC /* Project object */ = {
			isa = PBXProject;
			attributes = {
				LastUpgradeCheck = 0610;
				ORGANIZATIONNAME = TURASA;
				TargetAttributes = {
					92DFDF031A9C6C23003174CC = {
						CreatedOnToolsVersion = 6.1.1;
					};
					92DFDF1C1A9C6C23003174CC = {
						CreatedOnToolsVersion = 6.1.1;
						TestTargetID = 92DFDF031A9C6C23003174CC;
					};
				};
			};
			buildConfigurationList = 92DFDEFF1A9C6C23003174CC /* Build configuration list for PBXProject "Git Test" */;
			compatibilityVersion = "Xcode 3.2";
			developmentRegion = English;
			hasScannedForEncodings = 0;
			knownRegions = (
				en,
				Base,
			);
			mainGroup = 92DFDEFB1A9C6C23003174CC;
			productRefGroup = 92DFDF051A9C6C23003174CC /* Products */;
			projectDirPath = "";
			projectRoot = "";
			targets = (
				92DFDF031A9C6C23003174CC /* Git Test */,
				92DFDF1C1A9C6C23003174CC /* Git TestTests */,
			);
		};
/* End PBXProject section */

/* Begin PBXResourcesBuildPhase section */
		92DFDF021A9C6C23003174CC /* Resources */ = {
			isa = PBXResourcesBuildPhase;
			buildActionMask = 2147483647;
			files = (
				92DFDF131A9C6C23003174CC /* Main.storyboard in Resources */,
				92DFDF181A9C6C23003174CC /* LaunchScreen.xib in Resources */,
				92DFDF151A9C6C23003174CC /* Images.xcassets in Resources */,
			);
			runOnlyForDeploymentPostprocessing = 0;
		};
		92DFDF1B1A9C6C23003174CC /* Resources */ = {
			isa = PBXResourcesBuildPhase;
			buildActionMask = 2147483647;
			files = (
			);
			runOnlyForDeploymentPostprocessing = 0;
		};
/* End PBXResourcesBuildPhase section */

/* Begin PBXSourcesBuildPhase section */
		92DFDF001A9C6C23003174CC /* Sources */ = {
			isa = PBXSourcesBuildPhase;
			buildActionMask = 2147483647;
			files = (
				92DFDF101A9C6C23003174CC /* ViewController.m in Sources */,
				92DFDF2F1A9C7A2A003174CC /* CCTest.m in Sources */,
				92DFDF0D1A9C6C23003174CC /* AppDelegate.m in Sources */,
				92DFDF0A1A9C6C23003174CC /* main.m in Sources */,
			);
			runOnlyForDeploymentPostprocessing = 0;
		};
		92DFDF191A9C6C23003174CC /* Sources */ = {
			isa = PBXSourcesBuildPhase;
			buildActionMask = 2147483647;
			files = (
				92DFDF241A9C6C23003174CC /* Git_TestTests.m in Sources */,
			);
			runOnlyForDeploymentPostprocessing = 0;
		};
/* End PBXSourcesBuildPhase section */

/* Begin PBXTargetDependency section */
		92DFDF1F1A9C6C23003174CC /* PBXTargetDependency */ = {
			isa = PBXTargetDependency;
			target = 92DFDF031A9C6C23003174CC /* Git Test */;
			targetProxy = 92DFDF1E1A9C6C23003174CC /* PBXContainerItemProxy */;
		};
/* End PBXTargetDependency section */

/* Begin PBXVariantGroup section */
		92DFDF111A9C6C23003174CC /* Main.storyboard */ = {
			isa = PBXVariantGroup;
			children = (
				92DFDF121A9C6C23003174CC /* Base */,
			);
			name = Main.storyboard;
			sourceTree = "<group>";
		};
		92DFDF161A9C6C23003174CC /* LaunchScreen.xib */ = {
			isa = PBXVariantGroup;
			children = (
				92DFDF171A9C6C23003174CC /* Base */,
			);
			name = LaunchScreen.xib;
			sourceTree = "<group>";
		};
/* End PBXVariantGroup section */

/* Begin XCBuildConfiguration section */
		92DFDF251A9C6C23003174CC /* Debug */ = {
			isa = XCBuildConfiguration;
			buildSettings = {
				ALWAYS_SEARCH_USER_PATHS = NO;
				CLANG_CXX_LANGUAGE_STANDARD = "gnu++0x";
				CLANG_CXX_LIBRARY = "libc++";
				CLANG_ENABLE_MODULES = YES;
				CLANG_ENABLE_OBJC_ARC = YES;
				CLANG_WARN_BOOL_CONVERSION = YES;
				CLANG_WARN_CONSTANT_CONVERSION = YES;
				CLANG_WARN_DIRECT_OBJC_ISA_USAGE = YES_ERROR;
				CLANG_WARN_EMPTY_BODY = YES;
				CLANG_WARN_ENUM_CONVERSION = YES;
				CLANG_WARN_INT_CONVERSION = YES;
				CLANG_WARN_OBJC_ROOT_CLASS = YES_ERROR;
				CLANG_WARN_UNREACHABLE_CODE = YES;
				CLANG_WARN__DUPLICATE_METHOD_MATCH = YES;
				"CODE_SIGN_IDENTITY[sdk=iphoneos*]" = "iPhone Developer";
				COPY_PHASE_STRIP = NO;
				ENABLE_STRICT_OBJC_MSGSEND = YES;
				GCC_C_LANGUAGE_STANDARD = gnu99;
				GCC_DYNAMIC_NO_PIC = NO;
				GCC_OPTIMIZATION_LEVEL = 0;
				GCC_PREPROCESSOR_DEFINITIONS = (
					"DEBUG=1",
					"$(inherited)",
				);
				GCC_SYMBOLS_PRIVATE_EXTERN = NO;
				GCC_WARN_64_TO_32_BIT_CONVERSION = YES;
				GCC_WARN_ABOUT_RETURN_TYPE = YES_ERROR;
				GCC_WARN_UNDECLARED_SELECTOR = YES;
				GCC_WARN_UNINITIALIZED_AUTOS = YES_AGGRESSIVE;
				GCC_WARN_UNUSED_FUNCTION = YES;
				GCC_WARN_UNUSED_VARIABLE = YES;
				IPHONEOS_DEPLOYMENT_TARGET = 8.1;
				MTL_ENABLE_DEBUG_INFO = YES;
				ONLY_ACTIVE_ARCH = YES;
				SDKROOT = iphoneos;
			};
			name = Debug;
		};
		92DFDF261A9C6C23003174CC /* Release */ = {
			isa = XCBuildConfiguration;
			buildSettings = {
				ALWAYS_SEARCH_USER_PATHS = NO;
				CLANG_CXX_LANGUAGE_STANDARD = "gnu++0x";
				CLANG_CXX_LIBRARY = "libc++";
				CLANG_ENABLE_MODULES = YES;
				CLANG_ENABLE_OBJC_ARC = YES;
				CLANG_WARN_BOOL_CONVERSION = YES;
				CLANG_WARN_CONSTANT_CONVERSION = YES;
				CLANG_WARN_DIRECT_OBJC_ISA_USAGE = YES_ERROR;
				CLANG_WARN_EMPTY_BODY = YES;
				CLANG_WARN_ENUM_CONVERSION = YES;
				CLANG_WARN_INT_CONVERSION = YES;
				CLANG_WARN_OBJC_ROOT_CLASS = YES_ERROR;
				CLANG_WARN_UNREACHABLE_CODE = YES;
				CLANG_WARN__DUPLICATE_METHOD_MATCH = YES;
				"CODE_SIGN_IDENTITY[sdk=iphoneos*]" = "iPhone Developer";
				COPY_PHASE_STRIP = YES;
				ENABLE_NS_ASSERTIONS = NO;
				ENABLE_STRICT_OBJC_MSGSEND = YES;
				GCC_C_LANGUAGE_STANDARD = gnu99;
				GCC_WARN_64_TO_32_BIT_CONVERSION = YES;
				GCC_WARN_ABOUT_RETURN_TYPE = YES_ERROR;
				GCC_WARN_UNDECLARED_SELECTOR = YES;
				GCC_WARN_UNINITIALIZED_AUTOS = YES_AGGRESSIVE;
				GCC_WARN_UNUSED_FUNCTION = YES;
				GCC_WARN_UNUSED_VARIABLE = YES;
				IPHONEOS_DEPLOYMENT_TARGET = 8.1;
				MTL_ENABLE_DEBUG_INFO = NO;
				SDKROOT = iphoneos;
				VALIDATE_PRODUCT = YES;
			};
			name = Release;
		};
		92DFDF281A9C6C23003174CC /* Debug */ = {
			isa = XCBuildConfiguration;
			buildSettings = {
				ASSETCATALOG_COMPILER_APPICON_NAME = AppIcon;
				INFOPLIST_FILE = "Git Test/Info.plist";
				LD_RUNPATH_SEARCH_PATHS = "$(inherited) @executable_path/Frameworks";
				PRODUCT_NAME = "$(TARGET_NAME)";
				TARGETED_DEVICE_FAMILY = 1;
			};
			name = Debug;
		};
		92DFDF291A9C6C23003174CC /* Release */ = {
			isa = XCBuildConfiguration;
			buildSettings = {
				ASSETCATALOG_COMPILER_APPICON_NAME = AppIcon;
				INFOPLIST_FILE = "Git Test/Info.plist";
				LD_RUNPATH_SEARCH_PATHS = "$(inherited) @executable_path/Frameworks";
				PRODUCT_NAME = "$(TARGET_NAME)";
				TARGETED_DEVICE_FAMILY = 1;
			};
			name = Release;
		};
		92DFDF2B1A9C6C23003174CC /* Debug */ = {
			isa = XCBuildConfiguration;
			buildSettings = {
				BUNDLE_LOADER = "$(TEST_HOST)";
				FRAMEWORK_SEARCH_PATHS = (
					"$(SDKROOT)/Developer/Library/Frameworks",
					"$(inherited)",
				);
				GCC_PREPROCESSOR_DEFINITIONS = (
					"DEBUG=1",
					"$(inherited)",
				);
				INFOPLIST_FILE = "Git TestTests/Info.plist";
				LD_RUNPATH_SEARCH_PATHS = "$(inherited) @executable_path/Frameworks @loader_path/Frameworks";
				PRODUCT_NAME = "$(TARGET_NAME)";
				TEST_HOST = "$(BUILT_PRODUCTS_DIR)/Git Test.app/Git Test";
			};
			name = Debug;
		};
		92DFDF2C1A9C6C23003174CC /* Release */ = {
			isa = XCBuildConfiguration;
			buildSettings = {
				BUNDLE_LOADER = "$(TEST_HOST)";
				FRAMEWORK_SEARCH_PATHS = (
					"$(SDKROOT)/Developer/Library/Frameworks",
					"$(inherited)",
				);
				INFOPLIST_FILE = "Git TestTests/Info.plist";
				LD_RUNPATH_SEARCH_PATHS = "$(inherited) @executable_path/Frameworks @loader_path/Frameworks";
				PRODUCT_NAME = "$(TARGET_NAME)";
				TEST_HOST = "$(BUILT_PRODUCTS_DIR)/Git Test.app/Git Test";
			};
			name = Release;
		};
/* End XCBuildConfiguration section */

/* Begin XCConfigurationList section */
		92DFDEFF1A9C6C23003174CC /* Build configuration list for PBXProject "Git Test" */ = {
			isa = XCConfigurationList;
			buildConfigurations = (
				92DFDF251A9C6C23003174CC /* Debug */,
				92DFDF261A9C6C23003174CC /* Release */,
			);
			defaultConfigurationIsVisible = 0;
			defaultConfigurationName = Release;
		};
		92DFDF271A9C6C23003174CC /* Build configuration list for PBXNativeTarget "Git Test" */ = {
			isa = XCConfigurationList;
			buildConfigurations = (
				92DFDF281A9C6C23003174CC /* Debug */,
				92DFDF291A9C6C23003174CC /* Release */,
			);
			defaultConfigurationIsVisible = 0;
		};
		92DFDF2A1A9C6C23003174CC /* Build configuration list for PBXNativeTarget "Git TestTests" */ = {
			isa = XCConfigurationList;
			buildConfigurations = (
				92DFDF2B1A9C6C23003174CC /* Debug */,
				92DFDF2C1A9C6C23003174CC /* Release */,
			);
			defaultConfigurationIsVisible = 0;
		};
/* End XCConfigurationList section */
	};
	rootObject = 92DFDEFC1A9C6C23003174CC /* Project object */;
}
